
Microsoft Visual Studio Solution File, Format Version 12.00
# Visual Studio Version 18
VisualStudioVersion = 18.5.11716.220 stable
MinimumVisualStudioVersion = 10.0.40219.1
Project("{FAE04EC0-301F-11D3-BF4B-00C04F79EFBC}") = "CRUDproject-Migration", "CRUDproject-Migration.csproj", "{C9C01091-4AB3-366A-60C1-1ABDC1760103}"
EndProject
Global
	GlobalSection(SolutionConfigurationPlatforms) = preSolution
		Debug|Any CPU = Debug|Any CPU
		Release|Any CPU = Release|Any CPU
	EndGlobalSection
	GlobalSection(ProjectConfigurationPlatforms) = postSolution
		{C9C01091-4AB3-366A-60C1-1ABDC1760103}.Debug|Any CPU.ActiveCfg = Debug|Any CPU
		{C9C01091-4AB3-366A-60C1-1ABDC1760103}.Debug|Any CPU.Build.0 = Debug|Any CPU
		{C9C01091-4AB3-366A-60C1-1ABDC1760103}.Release|Any CPU.ActiveCfg = Release|Any CPU
		{C9C01091-4AB3-366A-60C1-1ABDC1760103}.Release|Any CPU.Build.0 = Release|Any CPU
	EndGlobalSection
	GlobalSection(SolutionProperties) = preSolution
		HideSolutionNode = FALSE
	EndGlobalSection
	GlobalSection(ExtensibilityGlobals) = postSolution
		SolutionGuid = {ED47BB3D-C424-4AB1-82A0-EC7CA8999ADC}
	EndGlobalSection
EndGlobal
